
Microsoft Visual Studio Solution File, Format Version 12.00
# Visual Studio Version 17
VisualStudioVersion = 17.7.34221.43
MinimumVisualStudioVersion = 10.0.40219.1
Project("{FAE04EC0-301F-11D3-BF4B-00C04F79EFBC}") = "WpfApp2", "WpfApp2\WpfApp2.csproj", "{AA392D47-8E68-4DDA-9CE4-08FFF8E6CAFB}"
EndProject
Global
	GlobalSection(SolutionConfigurationPlatforms) = preSolution
		Debug|Any CPU = Debug|Any CPU
		Release|Any CPU = Release|Any CPU
	EndGlobalSection
	GlobalSection(ProjectConfigurationPlatforms) = postSolution
		{AA392D47-8E68-4DDA-9CE4-08FFF8E6CAFB}.Debug|Any CPU.ActiveCfg = Debug|Any CPU
		{AA392D47-8E68-4DDA-9CE4-08FFF8E6CAFB}.Debug|Any CPU.Build.0 = Debug|Any CPU
		{AA392D47-8E68-4DDA-9CE4-08FFF8E6CAFB}.Release|Any CPU.ActiveCfg = Release|Any CPU
		{AA392D47-8E68-4DDA-9CE4-08FFF8E6CAFB}.Release|Any CPU.Build.0 = Release|Any CPU
	EndGlobalSection
	GlobalSection(SolutionProperties) = preSolution
		HideSolutionNode = FALSE
	EndGlobalSection
	GlobalSection(ExtensibilityGlobals) = postSolution
		SolutionGuid = {FF30B13D-D820-40ED-82A9-EC8434159F7B}
	EndGlobalSection
EndGlobal
