
Microsoft Visual Studio Solution File, Format Version 12.00
# Visual Studio Version 17
VisualStudioVersion = 17.7.34221.43
MinimumVisualStudioVersion = 10.0.40219.1
Project("{FAE04EC0-301F-11D3-BF4B-00C04F79EFBC}") = "scannertest6", "scannertest6\scannertest6.csproj", "{73028753-834F-437B-8118-822BA0FE1B1C}"
EndProject
Global
	GlobalSection(SolutionConfigurationPlatforms) = preSolution
		Debug|Any CPU = Debug|Any CPU
		Release|Any CPU = Release|Any CPU
	EndGlobalSection
	GlobalSection(ProjectConfigurationPlatforms) = postSolution
		{73028753-834F-437B-8118-822BA0FE1B1C}.Debug|Any CPU.ActiveCfg = Debug|Any CPU
		{73028753-834F-437B-8118-822BA0FE1B1C}.Debug|Any CPU.Build.0 = Debug|Any CPU
		{73028753-834F-437B-8118-822BA0FE1B1C}.Release|Any CPU.ActiveCfg = Release|Any CPU
		{73028753-834F-437B-8118-822BA0FE1B1C}.Release|Any CPU.Build.0 = Release|Any CPU
	EndGlobalSection
	GlobalSection(SolutionProperties) = preSolution
		HideSolutionNode = FALSE
	EndGlobalSection
	GlobalSection(ExtensibilityGlobals) = postSolution
		SolutionGuid = {281EAADA-F930-4BBA-93CA-E461CDAF2E71}
	EndGlobalSection
EndGlobal
