
Microsoft Visual Studio Solution File, Format Version 12.00
# Visual Studio Version 17
VisualStudioVersion = 17.7.34031.279
MinimumVisualStudioVersion = 10.0.40219.1
Project("{FAE04EC0-301F-11D3-BF4B-00C04F79EFBC}") = "latinordlista", "latinordlista\latinordlista.csproj", "{922FA8AA-32C4-4092-B93D-63970BF85F01}"
EndProject
Global
	GlobalSection(SolutionConfigurationPlatforms) = preSolution
		Debug|Any CPU = Debug|Any CPU
		Release|Any CPU = Release|Any CPU
	EndGlobalSection
	GlobalSection(ProjectConfigurationPlatforms) = postSolution
		{922FA8AA-32C4-4092-B93D-63970BF85F01}.Debug|Any CPU.ActiveCfg = Debug|Any CPU
		{922FA8AA-32C4-4092-B93D-63970BF85F01}.Debug|Any CPU.Build.0 = Debug|Any CPU
		{922FA8AA-32C4-4092-B93D-63970BF85F01}.Release|Any CPU.ActiveCfg = Release|Any CPU
		{922FA8AA-32C4-4092-B93D-63970BF85F01}.Release|Any CPU.Build.0 = Release|Any CPU
	EndGlobalSection
	GlobalSection(SolutionProperties) = preSolution
		HideSolutionNode = FALSE
	EndGlobalSection
	GlobalSection(ExtensibilityGlobals) = postSolution
		SolutionGuid = {4F419219-4D8B-4256-9ECC-45FDE6CBD02D}
	EndGlobalSection
EndGlobal
