
Microsoft Visual Studio Solution File, Format Version 12.00
# Visual Studio Version 17
VisualStudioVersion = 17.7.34031.279
MinimumVisualStudioVersion = 10.0.40219.1
Project("{FAE04EC0-301F-11D3-BF4B-00C04F79EFBC}") = "D1.starts", "D1.starts\D1.starts.csproj", "{1286DCA3-CC30-46B0-895D-C3213D28478C}"
EndProject
Global
	GlobalSection(SolutionConfigurationPlatforms) = preSolution
		Debug|Any CPU = Debug|Any CPU
		Release|Any CPU = Release|Any CPU
	EndGlobalSection
	GlobalSection(ProjectConfigurationPlatforms) = postSolution
		{1286DCA3-CC30-46B0-895D-C3213D28478C}.Debug|Any CPU.ActiveCfg = Debug|Any CPU
		{1286DCA3-CC30-46B0-895D-C3213D28478C}.Debug|Any CPU.Build.0 = Debug|Any CPU
		{1286DCA3-CC30-46B0-895D-C3213D28478C}.Release|Any CPU.ActiveCfg = Release|Any CPU
		{1286DCA3-CC30-46B0-895D-C3213D28478C}.Release|Any CPU.Build.0 = Release|Any CPU
	EndGlobalSection
	GlobalSection(SolutionProperties) = preSolution
		HideSolutionNode = FALSE
	EndGlobalSection
	GlobalSection(ExtensibilityGlobals) = postSolution
		SolutionGuid = {B3A6404C-53D1-403D-9389-EF1593A0E649}
	EndGlobalSection
EndGlobal
