
Microsoft Visual Studio Solution File, Format Version 12.00
# Visual Studio Version 17
VisualStudioVersion = 17.7.34221.43
MinimumVisualStudioVersion = 10.0.40219.1
Project("{FAE04EC0-301F-11D3-BF4B-00C04F79EFBC}") = "BREAKOUT_1", "BREAKOUT_1\BREAKOUT_1.csproj", "{93AC5070-7888-4F3F-975C-5FF94F26F29D}"
EndProject
Global
	GlobalSection(SolutionConfigurationPlatforms) = preSolution
		Debug|Any CPU = Debug|Any CPU
		Release|Any CPU = Release|Any CPU
	EndGlobalSection
	GlobalSection(ProjectConfigurationPlatforms) = postSolution
		{93AC5070-7888-4F3F-975C-5FF94F26F29D}.Debug|Any CPU.ActiveCfg = Debug|Any CPU
		{93AC5070-7888-4F3F-975C-5FF94F26F29D}.Debug|Any CPU.Build.0 = Debug|Any CPU
		{93AC5070-7888-4F3F-975C-5FF94F26F29D}.Release|Any CPU.ActiveCfg = Release|Any CPU
		{93AC5070-7888-4F3F-975C-5FF94F26F29D}.Release|Any CPU.Build.0 = Release|Any CPU
	EndGlobalSection
	GlobalSection(SolutionProperties) = preSolution
		HideSolutionNode = FALSE
	EndGlobalSection
	GlobalSection(ExtensibilityGlobals) = postSolution
		SolutionGuid = {0DDA8C86-7BD3-41BA-9224-B11EEDA1CD31}
	EndGlobalSection
EndGlobal
