
Microsoft Visual Studio Solution File, Format Version 12.00
# Visual Studio Version 17
VisualStudioVersion = 17.7.34031.279
MinimumVisualStudioVersion = 10.0.40219.1
Project("{FAE04EC0-301F-11D3-BF4B-00C04F79EFBC}") = "Whiletabell", "Whiletabell\Whiletabell.csproj", "{74E64489-26FC-445C-A7FE-027E5080236C}"
EndProject
Global
	GlobalSection(SolutionConfigurationPlatforms) = preSolution
		Debug|Any CPU = Debug|Any CPU
		Release|Any CPU = Release|Any CPU
	EndGlobalSection
	GlobalSection(ProjectConfigurationPlatforms) = postSolution
		{74E64489-26FC-445C-A7FE-027E5080236C}.Debug|Any CPU.ActiveCfg = Debug|Any CPU
		{74E64489-26FC-445C-A7FE-027E5080236C}.Debug|Any CPU.Build.0 = Debug|Any CPU
		{74E64489-26FC-445C-A7FE-027E5080236C}.Release|Any CPU.ActiveCfg = Release|Any CPU
		{74E64489-26FC-445C-A7FE-027E5080236C}.Release|Any CPU.Build.0 = Release|Any CPU
	EndGlobalSection
	GlobalSection(SolutionProperties) = preSolution
		HideSolutionNode = FALSE
	EndGlobalSection
	GlobalSection(ExtensibilityGlobals) = postSolution
		SolutionGuid = {61F95E86-91E8-4956-B8D6-75849DD2527B}
	EndGlobalSection
EndGlobal
